PODS:
  - Flutter (1.0.0)
  - flutter_vless (1.1.6):
    - Flutter
  - integration_test (0.0.1):
    - Flutter

DEPENDENCIES:
  - Flutter (from `Flutter`)
  - flutter_vless (from `.symlinks/plugins/flutter_vless/ios`)
  - integration_test (from `.symlinks/plugins/integration_test/ios`)

EXTERNAL SOURCES:
  Flutter:
    :path: Flutter
  flutter_vless:
    :path: ".symlinks/plugins/flutter_vless/ios"
  integration_test:
    :path: ".symlinks/plugins/integration_test/ios"

SPEC CHECKSUMS:
  Flutter: cabc95a1d2626b1b06e7179b784ebcf0c0cde467
  flutter_vless: 7e495115e745edcb959aa888ef33b47e25819d95
  integration_test: 4a889634ef21a45d28d50d622cf412dc6d9f586e

PODFILE CHECKSUM: 5f99dc5e3f7d0323d390d7ec5d528be7fb8aa8e5

COCOAPODS: 1.16.2
