PODS:
  - flutter_vless_macos (1.1.6):
    - FlutterMacOS
  - FlutterMacOS (1.0.0)

DEPENDENCIES:
  - flutter_vless_macos (from `Flutter/ephemeral/.symlinks/plugins/flutter_vless_macos/macos`)
  - FlutterMacOS (from `Flutter/ephemeral`)

EXTERNAL SOURCES:
  flutter_vless_macos:
    :path: Flutter/ephemeral/.symlinks/plugins/flutter_vless_macos/macos
  FlutterMacOS:
    :path: Flutter/ephemeral

SPEC CHECKSUMS:
  flutter_vless_macos: 762e1176520fbb57c2c5f676858671c1a3a74bad
  FlutterMacOS: c232990155153907050900a2e175c7773903ba4e

PODFILE CHECKSUM: 72a145d68bd940d5270f2b51d39e5183b43f0d31

COCOAPODS: 1.16.2
